// !$*UTF8*$!
{
	archiveVersion = 1;
	classes = {
	};
	objectVersion = 46;
	objects = {

/* Begin PBXBuildFile section */
		3FA479A51DA14A95003B6D8C /* AppDelegate.swift in Sources */ = {isa = PBXBuildFile; fileRef = 3FA479A41DA14A95003B6D8C /* AppDelegate.swift */; };
		3FA479A71DA14A95003B6D8C /* ViewController.swift in Sources */ = {isa = PBXBuildFile; fileRef = 3FA479A61DA14A95003B6D8C /* ViewController.swift */; };
		3FA479AA1DA14A95003B6D8C /* Main.storyboard in Resources */ = {isa = PBXBuildFile; fileRef = 3FA479A81DA14A95003B6D8C /* Main.storyboard */; };
		3FA479AC1DA14A95003B6D8C /* Assets.xcassets in Resources */ = {isa = PBXBuildFile; fileRef = 3FA479AB1DA14A95003B6D8C /* Assets.xcassets */; };
		3FA479AF1DA14A95003B6D8C /* LaunchScreen.storyboard in Resources */ = {isa = PBXBuildFile; fileRef = 3FA479AD1DA14A95003B6D8C /* LaunchScreen.storyboard */; };
		3FA479BA1DA14A95003B6D8C /* foodtrackerTests.swift in Sources */ = {isa = PBXBuildFile; fileRef = 3FA479B91DA14A95003B6D8C /* foodtrackerTests.swift */; };
/* End PBXBuildFile section */

/* Begin PBXContainerItemProxy section */
		3FA479B61DA14A95003B6D8C /* PBXContainerItemProxy */ = {
			isa = PBXContainerItemProxy;
			containerPortal = 3FA479991DA14A95003B6D8C /* Project object */;
			proxyType = 1;
			remoteGlobalIDString = 3FA479A01DA14A95003B6D8C;
			remoteInfo = foodtracker;
		};
/* End PBXContainerItemProxy section */

/* Begin PBXFileReference section */
		3FA479A11DA14A95003B6D8C /* foodtracker.app */ = {isa = PBXFileReference; explicitFileType = wrapper.application; includeInIndex = 0; path = foodtracker.app; sourceTree = BUILT_PRODUCTS_DIR; };
		3FA479A41DA14A95003B6D8C /* AppDelegate.swift */ = {isa = PBXFileReference; lastKnownFileType = sourcecode.swift; path = AppDelegate.swift; sourceTree = "<group>"; };
		3FA479A61DA14A95003B6D8C /* ViewController.swift */ = {isa = PBXFileReference; lastKnownFileType = sourcecode.swift; path = ViewController.swift; sourceTree = "<group>"; };
		3FA479A91DA14A95003B6D8C /* Base */ = {isa = PBXFileReference; lastKnownFileType = file.storyboard; name = Base; path = Base.lproj/Main.storyboard; sourceTree = "<group>"; };
		3FA479AB1DA14A95003B6D8C /* Assets.xcassets */ = {isa = PBXFileReference; lastKnownFileType = folder.assetcatalog; path = Assets.xcassets; sourceTree = "<group>"; };
		3FA479AE1DA14A95003B6D8C /* Base */ = {isa = PBXFileReference; lastKnownFileType = file.storyboard; name = Base; path = Base.lproj/LaunchScreen.storyboard; sourceTree = "<group>"; };
		3FA479B01DA14A95003B6D8C /* Info.plist */ = {isa = PBXFileReference; lastKnownFileType = text.plist.xml; path = Info.plist; sourceTree = "<group>"; };
		3FA479B51DA14A95003B6D8C /* foodtrackerTests.xctest */ = {isa = PBXFileReference; explicitFileType = wrapper.cfbundle; includeInIndex = 0; path = foodtrackerTests.xctest; sourceTree = BUILT_PRODUCTS_DIR; };
		3FA479B91DA14A95003B6D8C /* foodtrackerTests.swift */ = {isa = PBXFileReference; lastKnownFileType = sourcecode.swift; path = foodtrackerTests.swift; sourceTree = "<group>"; };
		3FA479BB1DA14A95003B6D8C /* Info.plist */ = {isa = PBXFileReference; lastKnownFileType = text.plist.xml; path = Info.plist; sourceTree = "<group>"; };
/* End PBXFileReference section */

/* Begin PBXFrameworksBuildPhase section */
		3FA4799E1DA14A95003B6D8C /* Frameworks */ = {
			isa = PBXFrameworksBuildPhase;
			buildActionMask = 2147483647;
			files = (
			);
			runOnlyForDeploymentPostprocessing = 0;
		};
		3FA479B21DA14A95003B6D8C /* Frameworks */ = {
			isa = PBXFrameworksBuildPhase;
			buildActionMask = 2147483647;
			files = (
			);
			runOnlyForDeploymentPostprocessing = 0;
		};
/* End PBXFrameworksBuildPhase section */

/* Begin PBXGroup section */
		3FA479981DA14A95003B6D8C = {
			isa = PBXGroup;
			children = (
				3FA479A31DA14A95003B6D8C /* foodtracker */,
				3FA479B81DA14A95003B6D8C /* foodtrackerTests */,
				3FA479A21DA14A95003B6D8C /* Products */,
			);
			sourceTree = "<group>";
		};
		3FA479A21DA14A95003B6D8C /* Products */ = {
			isa = PBXGroup;
			children = (
				3FA479A11DA14A95003B6D8C /* foodtracker.app */,
				3FA479B51DA14A95003B6D8C /* foodtrackerTests.xctest */,
			);
			name = Products;
			sourceTree = "<group>";
		};
		3FA479A31DA14A95003B6D8C /* foodtracker */ = {
			isa = PBXGroup;
			children = (
				3FA479A41DA14A95003B6D8C /* AppDelegate.swift */,
				3FA479A61DA14A95003B6D8C /* ViewController.swift */,
				3FA479A81DA14A95003B6D8C /* Main.storyboard */,
				3FA479AB1DA14A95003B6D8C /* Assets.xcassets */,
				3FA479AD1DA14A95003B6D8C /* LaunchScreen.storyboard */,
				3FA479B01DA14A95003B6D8C /* Info.plist */,
			);
			path = foodtracker;
			sourceTree = "<group>";
		};
		3FA479B81DA14A95003B6D8C /* foodtrackerTests */ = {
			isa = PBXGroup;
			children = (
				3FA479B91DA14A95003B6D8C /* foodtrackerTests.swift */,
				3FA479BB1DA14A95003B6D8C /* Info.plist */,
			);
			path = foodtrackerTests;
			sourceTree = "<group>";
		};
/* End PBXGroup section */

/* Begin PBXNativeTarget section */
		3FA479A01DA14A95003B6D8C /* foodtracker */ = {
			isa = PBXNativeTarget;
			buildConfigurationList = 3FA479BE1DA14A95003B6D8C /* Build configuration list for PBXNativeTarget "foodtracker" */;
			buildPhases = (
				3FA4799D1DA14A95003B6D8C /* Sources */,
				3FA4799E1DA14A95003B6D8C /* Frameworks */,
				3FA4799F1DA14A95003B6D8C /* Resources */,
			);
			buildRules = (
			);
			dependencies = (
			);
			name = foodtracker;
			productName = foodtracker;
			productReference = 3FA479A11DA14A95003B6D8C /* foodtracker.app */;
			productType = "com.apple.product-type.application";
		};
		3FA479B41DA14A95003B6D8C /* foodtrackerTests */ = {
			isa = PBXNativeTarget;
			buildConfigurationList = 3FA479C11DA14A95003B6D8C /* Build configuration list for PBXNativeTarget "foodtrackerTests" */;
			buildPhases = (
				3FA479B11DA14A95003B6D8C /* Sources */,
				3FA479B21DA14A95003B6D8C /* Frameworks */,
				3FA479B31DA14A95003B6D8C /* Resources */,
			);
			buildRules = (
			);
			dependencies = (
				3FA479B71DA14A95003B6D8C /* PBXTargetDependency */,
			);
			name = foodtrackerTests;
			productName = foodtrackerTests;
			productReference = 3FA479B51DA14A95003B6D8C /* foodtrackerTests.xctest */;
			productType = "com.apple.product-type.bundle.unit-test";
		};
/* End PBXNativeTarget section */

/* Begin PBXProject section */
		3FA479991DA14A95003B6D8C /* Project object */ = {
			isa = PBXProject;
			attributes = {
				LastSwiftUpdateCheck = 0730;
				LastUpgradeCheck = 0730;
				ORGANIZATIONNAME = Hanjie;
				TargetAttributes = {
					3FA479A01DA14A95003B6D8C = {
						CreatedOnToolsVersion = 7.3.1;
					};
					3FA479B41DA14A95003B6D8C = {
						CreatedOnToolsVersion = 7.3.1;
						TestTargetID = 3FA479A01DA14A95003B6D8C;
					};
				};
			};
			buildConfigurationList = 3FA4799C1DA14A95003B6D8C /* Build configuration list for PBXProject "foodtracker" */;
			compatibilityVersion = "Xcode 3.2";
			developmentRegion = English;
			hasScannedForEncodings = 0;
			knownRegions = (
				en,
				Base,
			);
			mainGroup = 3FA479981DA14A95003B6D8C;
			productRefGroup = 3FA479A21DA14A95003B6D8C /* Products */;
			projectDirPath = "";
			projectRoot = "";
			targets = (
				3FA479A01DA14A95003B6D8C /* foodtracker */,
				3FA479B41DA14A95003B6D8C /* foodtrackerTests */,
			);
		};
/* End PBXProject section */

/* Begin PBXResourcesBuildPhase section */
		3FA4799F1DA14A95003B6D8C /* Resources */ = {
			isa = PBXResourcesBuildPhase;
			buildActionMask = 2147483647;
			files = (
				3FA479AF1DA14A95003B6D8C /* LaunchScreen.storyboard in Resources */,
				3FA479AC1DA14A95003B6D8C /* Assets.xcassets in Resources */,
				3FA479AA1DA14A95003B6D8C /* Main.storyboard in Resources */,
			);
			runOnlyForDeploymentPostprocessing = 0;
		};
		3FA479B31DA14A95003B6D8C /* Resources */ = {
			isa = PBXResourcesBuildPhase;
			buildActionMask = 2147483647;
			files = (
			);
			runOnlyForDeploymentPostprocessing = 0;
		};
/* End PBXResourcesBuildPhase section */

/* Begin PBXSourcesBuildPhase section */
		3FA4799D1DA14A95003B6D8C /* Sources */ = {
			isa = PBXSourcesBuildPhase;
			buildActionMask = 2147483647;
			files = (
				3FA479A71DA14A95003B6D8C /* ViewController.swift in Sources */,
				3FA479A51DA14A95003B6D8C /* AppDelegate.swift in Sources */,
			);
			runOnlyForDeploymentPostprocessing = 0;
		};
		3FA479B11DA14A95003B6D8C /* Sources */ = {
			isa = PBXSourcesBuildPhase;
			buildActionMask = 2147483647;
			files = (
				3FA479BA1DA14A95003B6D8C /* foodtrackerTests.swift in Sources */,
			);
			runOnlyForDeploymentPostprocessing = 0;
		};
/* End PBXSourcesBuildPhase section */

/* Begin PBXTargetDependency section */
		3FA479B71DA14A95003B6D8C /* PBXTargetDependency */ = {
			isa = PBXTargetDependency;
			target = 3FA479A01DA14A95003B6D8C /* foodtracker */;
			targetProxy = 3FA479B61DA14A95003B6D8C /* PBXContainerItemProxy */;
		};
/* End PBXTargetDependency section */

/* Begin PBXVariantGroup section */
		3FA479A81DA14A95003B6D8C /* Main.storyboard */ = {
			isa = PBXVariantGroup;
			children = (
				3FA479A91DA14A95003B6D8C /* Base */,
			);
			name = Main.storyboard;
			sourceTree = "<group>";
		};
		3FA479AD1DA14A95003B6D8C /* LaunchScreen.storyboard */ = {
			isa = PBXVariantGroup;
			children = (
				3FA479AE1DA14A95003B6D8C /* Base */,
			);
			name = LaunchScreen.storyboard;
			sourceTree = "<group>";
		};
/* End PBXVariantGroup section */

/* Begin XCBuildConfiguration section */
		3FA479BC1DA14A95003B6D8C /* Debug */ = {
			isa = XCBuildConfiguration;
			buildSettings = {
				ALWAYS_SEARCH_USER_PATHS = NO;
				CLANG_ANALYZER_NONNULL = YES;
				CLANG_CXX_LANGUAGE_STANDARD = "gnu++0x";
				CLANG_CXX_LIBRARY = "libc++";
				CLANG_ENABLE_MODULES = YES;
				CLANG_ENABLE_OBJC_ARC = YES;
				CLANG_WARN_BOOL_CONVERSION = YES;
				CLANG_WARN_CONSTANT_CONVERSION = YES;
				CLANG_WARN_DIRECT_OBJC_ISA_USAGE = YES_ERROR;
				CLANG_WARN_EMPTY_BODY = YES;
				CLANG_WARN_ENUM_CONVERSION = YES;
				CLANG_WARN_INT_CONVERSION = YES;
				CLANG_WARN_OBJC_ROOT_CLASS = YES_ERROR;
				CLANG_WARN_UNREACHABLE_CODE = YES;
				CLANG_WARN__DUPLICATE_METHOD_MATCH = YES;
				"CODE_SIGN_IDENTITY[sdk=iphoneos*]" = "iPhone Developer";
				COPY_PHASE_STRIP = NO;
				DEBUG_INFORMATION_FORMAT = dwarf;
				ENABLE_STRICT_OBJC_MSGSEND = YES;
				ENABLE_TESTABILITY = YES;
				GCC_C_LANGUAGE_STANDARD = gnu99;
				GCC_DYNAMIC_NO_PIC = NO;
				GCC_NO_COMMON_BLOCKS = YES;
				GCC_OPTIMIZATION_LEVEL = 0;
				GCC_PREPROCESSOR_DEFINITIONS = (
					"DEBUG=1",
					"$(inherited)",
				);
				GCC_WARN_64_TO_32_BIT_CONVERSION = YES;
				GCC_WARN_ABOUT_RETURN_TYPE = YES_ERROR;
				GCC_WARN_UNDECLARED_SELECTOR = YES;
				GCC_WARN_UNINITIALIZED_AUTOS = YES_AGGRESSIVE;
				GCC_WARN_UNUSED_FUNCTION = YES;
				GCC_WARN_UNUSED_VARIABLE = YES;
				IPHONEOS_DEPLOYMENT_TARGET = 9.3;
				MTL_ENABLE_DEBUG_INFO = YES;
				ONLY_ACTIVE_ARCH = YES;
				SDKROOT = iphoneos;
				SWIFT_OPTIMIZATION_LEVEL = "-Onone";
				TARGETED_DEVICE_FAMILY = "1,2";
			};
			name = Debug;
		};
		3FA479BD1DA14A95003B6D8C /* Release */ = {
			isa = XCBuildConfiguration;
			buildSettings = {
				ALWAYS_SEARCH_USER_PATHS = NO;
				CLANG_ANALYZER_NONNULL = YES;
				CLANG_CXX_LANGUAGE_STANDARD = "gnu++0x";
				CLANG_CXX_LIBRARY = "libc++";
				CLANG_ENABLE_MODULES = YES;
				CLANG_ENABLE_OBJC_ARC = YES;
				CLANG_WARN_BOOL_CONVERSION = YES;
				CLANG_WARN_CONSTANT_CONVERSION = YES;
				CLANG_WARN_DIRECT_OBJC_ISA_USAGE = YES_ERROR;
				CLANG_WARN_EMPTY_BODY = YES;
				CLANG_WARN_ENUM_CONVERSION = YES;
				CLANG_WARN_INT_CONVERSION = YES;
				CLANG_WARN_OBJC_ROOT_CLASS = YES_ERROR;
				CLANG_WARN_UNREACHABLE_CODE = YES;
				CLANG_WARN__DUPLICATE_METHOD_MATCH = YES;
				"CODE_SIGN_IDENTITY[sdk=iphoneos*]" = "iPhone Developer";
				COPY_PHASE_STRIP = NO;
				DEBUG_INFORMATION_FORMAT = "dwarf-with-dsym";
				ENABLE_NS_ASSERTIONS = NO;
				ENABLE_STRICT_OBJC_MSGSEND = YES;
				GCC_C_LANGUAGE_STANDARD = gnu99;
				GCC_NO_COMMON_BLOCKS = YES;
				GCC_WARN_64_TO_32_BIT_CONVERSION = YES;
				GCC_WARN_ABOUT_RETURN_TYPE = YES_ERROR;
				GCC_WARN_UNDECLARED_SELECTOR = YES;
				GCC_WARN_UNINITIALIZED_AUTOS = YES_AGGRESSIVE;
				GCC_WARN_UNUSED_FUNCTION = YES;
				GCC_WARN_UNUSED_VARIABLE = YES;
				IPHONEOS_DEPLOYMENT_TARGET = 9.3;
				MTL_ENABLE_DEBUG_INFO = NO;
				SDKROOT = iphoneos;
				TARGETED_DEVICE_FAMILY = "1,2";
				VALIDATE_PRODUCT = YES;
			};
			name = Release;
		};
		3FA479BF1DA14A95003B6D8C /* Debug */ = {
			isa = XCBuildConfiguration;
			buildSettings = {
				ASSETCATALOG_COMPILER_APPICON_NAME = AppIcon;
				INFOPLIST_FILE = foodtracker/Info.plist;
				LD_RUNPATH_SEARCH_PATHS = "$(inherited) @executable_path/Frameworks";
				PRODUCT_BUNDLE_IDENTIFIER = "-01hw2.foodtracker";
				PRODUCT_NAME = "$(TARGET_NAME)";
			};
			name = Debug;
		};
		3FA479C01DA14A95003B6D8C /* Release */ = {
			isa = XCBuildConfiguration;
			buildSettings = {
				ASSETCATALOG_COMPILER_APPICON_NAME = AppIcon;
				INFOPLIST_FILE = foodtracker/Info.plist;
				LD_RUNPATH_SEARCH_PATHS = "$(inherited) @executable_path/Frameworks";
				PRODUCT_BUNDLE_IDENTIFIER = "-01hw2.foodtracker";
				PRODUCT_NAME = "$(TARGET_NAME)";
			};
			name = Release;
		};
		3FA479C21DA14A95003B6D8C /* Debug */ = {
			isa = XCBuildConfiguration;
			buildSettings = {
				BUNDLE_LOADER = "$(TEST_HOST)";
				INFOPLIST_FILE = foodtrackerTests/Info.plist;
				LD_RUNPATH_SEARCH_PATHS = "$(inherited) @executable_path/Frameworks @loader_path/Frameworks";
				PRODUCT_BUNDLE_IDENTIFIER = "-01hw2.foodtrackerTests";
				PRODUCT_NAME = "$(TARGET_NAME)";
				TEST_HOST = "$(BUILT_PRODUCTS_DIR)/foodtracker.app/foodtracker";
			};
			name = Debug;
		};
		3FA479C31DA14A95003B6D8C /* Release */ = {
			isa = XCBuildConfiguration;
			buildSettings = {
				BUNDLE_LOADER = "$(TEST_HOST)";
				INFOPLIST_FILE = foodtrackerTests/Info.plist;
				LD_RUNPATH_SEARCH_PATHS = "$(inherited) @executable_path/Frameworks @loader_path/Frameworks";
				PRODUCT_BUNDLE_IDENTIFIER = "-01hw2.foodtrackerTests";
				PRODUCT_NAME = "$(TARGET_NAME)";
				TEST_HOST = "$(BUILT_PRODUCTS_DIR)/foodtracker.app/foodtracker";
			};
			name = Release;
		};
/* End XCBuildConfiguration section */

/* Begin XCConfigurationList section */
		3FA4799C1DA14A95003B6D8C /* Build configuration list for PBXProject "foodtracker" */ = {
			isa = XCConfigurationList;
			buildConfigurations = (
				3FA479BC1DA14A95003B6D8C /* Debug */,
				3FA479BD1DA14A95003B6D8C /* Release */,
			);
			defaultConfigurationIsVisible = 0;
			defaultConfigurationName = Release;
		};
		3FA479BE1DA14A95003B6D8C /* Build configuration list for PBXNativeTarget "foodtracker" */ = {
			isa = XCConfigurationList;
			buildConfigurations = (
				3FA479BF1DA14A95003B6D8C /* Debug */,
				3FA479C01DA14A95003B6D8C /* Release */,
			);
			defaultConfigurationIsVisible = 0;
		};
		3FA479C11DA14A95003B6D8C /* Build configuration list for PBXNativeTarget "foodtrackerTests" */ = {
			isa = XCConfigurationList;
			buildConfigurations = (
				3FA479C21DA14A95003B6D8C /* Debug */,
				3FA479C31DA14A95003B6D8C /* Release */,
			);
			defaultConfigurationIsVisible = 0;
		};
/* End XCConfigurationList section */
	};
	rootObject = 3FA479991DA14A95003B6D8C /* Project object */;
}
